{
    "_readme": [
        "This file locks the dependencies of your project to a known state",
        "Read more about it at https://getcomposer.org/doc/01-basic-usage.md#installing-dependencies",
        "This file is @generated automatically"
    ],
    "content-hash": "323304ec8f0b95b1a69cc32f34043f9e",
    "packages": [
        {
            "name": "illuminate/support",
            "version": "v4.2.17",
            "target-dir": "Illuminate/Support",
            "source": {
                "type": "git",
                "url": "https://github.com/illuminate/support.git",
                "reference": "db61f3f6d507ce417ca993e1f93585db7efd8b12"
            },
            "dist": {
                "type": "zip",
                "url": "https://api.github.com/repos/illuminate/support/zipball/db61f3f6d507ce417ca993e1f93585db7efd8b12",
                "reference": "db61f3f6d507ce417ca993e1f93585db7efd8b12",
                "shasum": ""
            },
            "require": {
                "php": ">=5.4.0"
            },
            "require-dev": {
                "jeremeamia/superclosure": "~1.0.1",
                "patchwork/utf8": "~1.1"
            },
            "type": "library",
            "extra": {
                "branch-alias": {
                    "dev-master": "4.2-dev"
                }
            },
            "autoload": {
                "psr-0": {
                    "Illuminate\\Support": ""
                },
                "files": [
                    "Illuminate/Support/helpers.php"
                ]
            },
            "notification-url": "https://packagist.org/downloads/",
            "license": [
                "MIT"
            ],
            "authors": [
                {
                    "name": "Taylor Otwell",
                    "email": "taylorotwell@gmail.com"
                }
            ],
            "time": "2015-01-27T20:51:43+00:00"
        },
        {
            "name": "psr/log",
            "version": "1.1.0",
            "source": {
                "type": "git",
                "url": "https://github.com/php-fig/log.git",
                "reference": "6c001f1daafa3a3ac1d8ff69ee4db8e799a654dd"
            },
            "dist": {
                "type": "zip",
                "url": "https://api.github.com/repos/php-fig/log/zipball/6c001f1daafa3a3ac1d8ff69ee4db8e799a654dd",
                "reference": "6c001f1daafa3a3ac1d8ff69ee4db8e799a654dd",
                "shasum": ""
            },
            "require": {
                "php": ">=5.3.0"
            },
            "type": "library",
            "extra": {
                "branch-alias": {
                    "dev-master": "1.0.x-dev"
                }
            },
            "autoload": {
                "psr-4": {
                    "Psr\\Log\\": "Psr/Log/"
                }
            },
            "notification-url": "https://packagist.org/downloads/",
            "license": [
                "MIT"
            ],
            "authors": [
                {
                    "name": "PHP-FIG",
                    "homepage": "http://www.php-fig.org/"
                }
            ],
            "description": "Common interface for logging libraries",
            "homepage": "https://github.com/php-fig/log",
            "keywords": [
                "log",
                "psr",
                "psr-3"
            ],
            "time": "2018-11-20T15:27:04+00:00"
        },
        {
            "name": "symfony/polyfill-ctype",
            "version": "v1.11.0",
            "source": {
                "type": "git",
                "url": "https://github.com/symfony/polyfill-ctype.git",
                "reference": "82ebae02209c21113908c229e9883c419720738a"
            },
            "dist": {
                "type": "zip",
                "url": "https://api.github.com/repos/symfony/polyfill-ctype/zipball/82ebae02209c21113908c229e9883c419720738a",
                "reference": "82ebae02209c21113908c229e9883c419720738a",
                "shasum": ""
            },
            "require": {
                "php": ">=5.3.3"
            },
            "suggest": {
                "ext-ctype": "For best performance"
            },
            "type": "library",
            "extra": {
                "branch-alias": {
                    "dev-master": "1.11-dev"
                }
            },
            "autoload": {
                "psr-4": {
                    "Symfony\\Polyfill\\Ctype\\": ""
                },
                "files": [
                    "bootstrap.php"
                ]
            },
            "notification-url": "https://packagist.org/downloads/",
            "license": [
                "MIT"
            ],
            "authors": [
                {
                    "name": "Symfony Community",
                    "homepage": "https://symfony.com/contributors"
                },
                {
                    "name": "Gert de Pagter",
                    "email": "BackEndTea@gmail.com"
                }
            ],
            "description": "Symfony polyfill for ctype functions",
            "homepage": "https://symfony.com",
            "keywords": [
                "compatibility",
                "ctype",
                "polyfill",
                "portable"
            ],
            "time": "2019-02-06T07:57:58+00:00"
        },
        {
            "name": "timenz/emitter",
            "version": "v0.0.1",
            "source": {
                "type": "git",
                "url": "https://github.com/timenz/laravel-socket.io-emitter.git",
                "reference": "c35c02eb138a094cbc56348a4e0acf92c3b99391"
            },
            "dist": {
                "type": "zip",
                "url": "https://api.github.com/repos/timenz/laravel-socket.io-emitter/zipball/c35c02eb138a094cbc56348a4e0acf92c3b99391",
                "reference": "c35c02eb138a094cbc56348a4e0acf92c3b99391",
                "shasum": ""
            },
            "require": {
                "illuminate/support": "4.2.*",
                "php": ">=5.4.0",
                "wisembly/elephant.io": "~3.0"
            },
            "type": "library",
            "autoload": {
                "psr-0": {
                    "Timenz\\Emitter": "src/"
                }
            },
            "notification-url": "https://packagist.org/downloads/",
            "license": [
                "MIT"
            ],
            "authors": [
                {
                    "name": "Timen Chad",
                    "email": "timenmail@gmail.com"
                }
            ],
            "description": "Laravel socket.io emitter based on wisembly/elephant.io",
            "time": "2015-04-05T08:13:17+00:00"
        },
        {
            "name": "webmozart/assert",
            "version": "1.4.0",
            "source": {
                "type": "git",
                "url": "https://github.com/webmozart/assert.git",
                "reference": "83e253c8e0be5b0257b881e1827274667c5c17a9"
            },
            "dist": {
                "type": "zip",
                "url": "https://api.github.com/repos/webmozart/assert/zipball/83e253c8e0be5b0257b881e1827274667c5c17a9",
                "reference": "83e253c8e0be5b0257b881e1827274667c5c17a9",
                "shasum": ""
            },
            "require": {
                "php": "^5.3.3 || ^7.0",
                "symfony/polyfill-ctype": "^1.8"
            },
            "require-dev": {
                "phpunit/phpunit": "^4.6",
                "sebastian/version": "^1.0.1"
            },
            "type": "library",
            "extra": {
                "branch-alias": {
                    "dev-master": "1.3-dev"
                }
            },
            "autoload": {
                "psr-4": {
                    "Webmozart\\Assert\\": "src/"
                }
            },
            "notification-url": "https://packagist.org/downloads/",
            "license": [
                "MIT"
            ],
            "authors": [
                {
                    "name": "Bernhard Schussek",
                    "email": "bschussek@gmail.com"
                }
            ],
            "description": "Assertions to validate method input/output with nice error messages.",
            "keywords": [
                "assert",
                "check",
                "validate"
            ],
            "time": "2018-12-25T11:19:39+00:00"
        },
        {
            "name": "wisembly/elephant.io",
            "version": "v3.3.1",
            "source": {
                "type": "git",
                "url": "https://github.com/Wisembly/elephant.io.git",
                "reference": "9d56f409fe231a906af87005f83a135565632d3f"
            },
            "dist": {
                "type": "zip",
                "url": "https://api.github.com/repos/Wisembly/elephant.io/zipball/9d56f409fe231a906af87005f83a135565632d3f",
                "reference": "9d56f409fe231a906af87005f83a135565632d3f",
                "shasum": ""
            },
            "require": {
                "php": ">=5.4.0",
                "psr/log": "~1.0"
            },
            "require-dev": {
                "phpunit/phpunit": "~4.0"
            },
            "type": "library",
            "autoload": {
                "psr-4": {
                    "ElephantIO\\": [
                        "src/",
                        "test/"
                    ]
                }
            },
            "notification-url": "https://packagist.org/downloads/",
            "license": [
                "MIT"
            ],
            "authors": [
                {
                    "name": "Baptiste Clavié",
                    "email": "baptiste@wisembly.com",
                    "homepage": "http://baptiste.xn--clavi-fsa.net/",
                    "role": "Maintainer"
                },
                {
                    "name": "Guillaume Potier",
                    "email": "guillaume@wisembly.com",
                    "role": "Maintainer"
                },
                {
                    "name": "Ludovic Barreca",
                    "email": "ludogp2@gmail.com",
                    "role": "Project Founder"
                },
                {
                    "name": "Elephant.IO Community",
                    "role": "Contributors :)"
                }
            ],
            "description": "Send events to a websocket real time engine though PHP",
            "homepage": "http://elephant.io",
            "keywords": [
                "dialog",
                "nodejs",
                "real time",
                "websocket"
            ],
            "time": "2017-09-10T20:38:38+00:00"
        }
    ],
    "packages-dev": [],
    "aliases": [],
    "minimum-stability": "stable",
    "stability-flags": [],
    "prefer-stable": false,
    "prefer-lowest": false,
    "platform": [],
    "platform-dev": []
}
